// !$*UTF8*$!
{
	archiveVersion = 1;
	classes = {
	};
	objectVersion = 56;
	objects = {

/* Begin PBXBuildFile section */
		184140B62C1821270077A6E0 /* InboxRowView.swift in Sources */ = {isa = PBXBuildFile; fileRef = 184140B52C1821270077A6E0 /* InboxRowView.swift */; };
		184140B92C1827B60077A6E0 /* NewMessageView.swift in Sources */ = {isa = PBXBuildFile; fileRef = 184140B82C1827B60077A6E0 /* NewMessageView.swift */; };
		184140BC2C184C250077A6E0 /* ProfileView.swift in Sources */ = {isa = PBXBuildFile; fileRef = 184140BB2C184C250077A6E0 /* ProfileView.swift */; };
		184140BE2C184FBC0077A6E0 /* SettingsViewModel.swift in Sources */ = {isa = PBXBuildFile; fileRef = 184140BD2C184FBC0077A6E0 /* SettingsViewModel.swift */; };
		186229702C1AC40100083FB9 /* FirebaseFirestoreSwift in Frameworks */ = {isa = PBXBuildFile; productRef = 1862296F2C1AC40100083FB9 /* FirebaseFirestoreSwift */; };
		186229722C1AC40100083FB9 /* FirebaseStorage in Frameworks */ = {isa = PBXBuildFile; productRef = 186229712C1AC40100083FB9 /* FirebaseStorage */; };
		1870F3E22C1B2B53004E830F /* ContentViewModel.swift in Sources */ = {isa = PBXBuildFile; fileRef = 1870F3E12C1B2B53004E830F /* ContentViewModel.swift */; };
		1870F3E42C1B3653004E830F /* RegistrationViewModel.swift in Sources */ = {isa = PBXBuildFile; fileRef = 1870F3E32C1B3653004E830F /* RegistrationViewModel.swift */; };
		1870F3E92C1B3696004E830F /* LoginViewModel.swift in Sources */ = {isa = PBXBuildFile; fileRef = 1870F3E82C1B3696004E830F /* LoginViewModel.swift */; };
		1870F3EB2C1B36A7004E830F /* SignUpViewModel.swift in Sources */ = {isa = PBXBuildFile; fileRef = 1870F3EA2C1B36A7004E830F /* SignUpViewModel.swift */; };
		187125CA2C1A09CD00980A4F /* ChatView.swift in Sources */ = {isa = PBXBuildFile; fileRef = 187125C92C1A09CD00980A4F /* ChatView.swift */; };
		187125CC2C1A19EE00980A4F /* ChatMessageCell.swift in Sources */ = {isa = PBXBuildFile; fileRef = 187125CB2C1A19EE00980A4F /* ChatMessageCell.swift */; };
		187125CE2C1A1E3E00980A4F /* ChatBubble.swift in Sources */ = {isa = PBXBuildFile; fileRef = 187125CD2C1A1E3E00980A4F /* ChatBubble.swift */; };
		1871F2372C1DB19800F0E75A /* User.swift in Sources */ = {isa = PBXBuildFile; fileRef = 1871F2362C1DB19800F0E75A /* User.swift */; };
		1871F23B2C1DBA9300F0E75A /* UserService.swift in Sources */ = {isa = PBXBuildFile; fileRef = 1871F23A2C1DBA9300F0E75A /* UserService.swift */; };
		1871F23F2C1DBE7F00F0E75A /* InboxViewModel.swift in Sources */ = {isa = PBXBuildFile; fileRef = 1871F23E2C1DBE7F00F0E75A /* InboxViewModel.swift */; };
		1871F2432C1DEE1800F0E75A /* NewMessageViewModel.swift in Sources */ = {isa = PBXBuildFile; fileRef = 1871F2422C1DEE1800F0E75A /* NewMessageViewModel.swift */; };
		18B850872C0C6C6B009DF643 /* MessengerCloneApp.swift in Sources */ = {isa = PBXBuildFile; fileRef = 18B850862C0C6C6B009DF643 /* MessengerCloneApp.swift */; };
		18B850892C0C6C6B009DF643 /* LoginView.swift in Sources */ = {isa = PBXBuildFile; fileRef = 18B850882C0C6C6B009DF643 /* LoginView.swift */; };
		18B8508B2C0C6C6C009DF643 /* Assets.xcassets in Resources */ = {isa = PBXBuildFile; fileRef = 18B8508A2C0C6C6C009DF643 /* Assets.xcassets */; };
		18B8508E2C0C6C6C009DF643 /* Preview Assets.xcassets in Resources */ = {isa = PBXBuildFile; fileRef = 18B8508D2C0C6C6C009DF643 /* Preview Assets.xcassets */; };
		18B850982C0C76FC009DF643 /* SignupView.swift in Sources */ = {isa = PBXBuildFile; fileRef = 18B850972C0C76FC009DF643 /* SignupView.swift */; };
		18B8509B2C0C8A93009DF643 /* InboxView.swift in Sources */ = {isa = PBXBuildFile; fileRef = 18B8509A2C0C8A93009DF643 /* InboxView.swift */; };
		18B8509E2C0C8F0C009DF643 /* NowActiveView.swift in Sources */ = {isa = PBXBuildFile; fileRef = 18B8509D2C0C8F0C009DF643 /* NowActiveView.swift */; };
		18B850A02C0C94AB009DF643 /* GoogleService-Info.plist in Resources */ = {isa = PBXBuildFile; fileRef = 18B8509F2C0C94AB009DF643 /* GoogleService-Info.plist */; };
		18B850A32C0C9807009DF643 /* FirebaseAuth in Frameworks */ = {isa = PBXBuildFile; productRef = 18B850A22C0C9807009DF643 /* FirebaseAuth */; };
		18B850A52C0C9807009DF643 /* FirebaseFirestore in Frameworks */ = {isa = PBXBuildFile; productRef = 18B850A42C0C9807009DF643 /* FirebaseFirestore */; };
		18B850A72C0CA11B009DF643 /* AuthService.swift in Sources */ = {isa = PBXBuildFile; fileRef = 18B850A62C0CA11B009DF643 /* AuthService.swift */; };
		18B850A92C0CA9A8009DF643 /* ContentView.swift in Sources */ = {isa = PBXBuildFile; fileRef = 18B850A82C0CA9A8009DF643 /* ContentView.swift */; };
/* End PBXBuildFile section */

/* Begin PBXFileReference section */
		184140B52C1821270077A6E0 /* InboxRowView.swift */ = {isa = PBXFileReference; lastKnownFileType = sourcecode.swift; path = InboxRowView.swift; sourceTree = "<group>"; };
		184140B82C1827B60077A6E0 /* NewMessageView.swift */ = {isa = PBXFileReference; lastKnownFileType = sourcecode.swift; path = NewMessageView.swift; sourceTree = "<group>"; };
		184140BB2C184C250077A6E0 /* ProfileView.swift */ = {isa = PBXFileReference; lastKnownFileType = sourcecode.swift; path = ProfileView.swift; sourceTree = "<group>"; };
		184140BD2C184FBC0077A6E0 /* SettingsViewModel.swift */ = {isa = PBXFileReference; lastKnownFileType = sourcecode.swift; path = SettingsViewModel.swift; sourceTree = "<group>"; };
		1870F3E12C1B2B53004E830F /* ContentViewModel.swift */ = {isa = PBXFileReference; lastKnownFileType = sourcecode.swift; path = ContentViewModel.swift; sourceTree = "<group>"; };
		1870F3E32C1B3653004E830F /* RegistrationViewModel.swift */ = {isa = PBXFileReference; lastKnownFileType = sourcecode.swift; path = RegistrationViewModel.swift; sourceTree = "<group>"; };
		1870F3E82C1B3696004E830F /* LoginViewModel.swift */ = {isa = PBXFileReference; lastKnownFileType = sourcecode.swift; path = LoginViewModel.swift; sourceTree = "<group>"; };
		1870F3EA2C1B36A7004E830F /* SignUpViewModel.swift */ = {isa = PBXFileReference; lastKnownFileType = sourcecode.swift; path = SignUpViewModel.swift; sourceTree = "<group>"; };
		187125C92C1A09CD00980A4F /* ChatView.swift */ = {isa = PBXFileReference; lastKnownFileType = sourcecode.swift; path = ChatView.swift; sourceTree = "<group>"; };
		187125CB2C1A19EE00980A4F /* ChatMessageCell.swift */ = {isa = PBXFileReference; lastKnownFileType = sourcecode.swift; path = ChatMessageCell.swift; sourceTree = "<group>"; };
		187125CD2C1A1E3E00980A4F /* ChatBubble.swift */ = {isa = PBXFileReference; lastKnownFileType = sourcecode.swift; path = ChatBubble.swift; sourceTree = "<group>"; };
		1871F2362C1DB19800F0E75A /* User.swift */ = {isa = PBXFileReference; lastKnownFileType = sourcecode.swift; path = User.swift; sourceTree = "<group>"; };
		1871F23A2C1DBA9300F0E75A /* UserService.swift */ = {isa = PBXFileReference; lastKnownFileType = sourcecode.swift; path = UserService.swift; sourceTree = "<group>"; };
		1871F23E2C1DBE7F00F0E75A /* InboxViewModel.swift */ = {isa = PBXFileReference; lastKnownFileType = sourcecode.swift; path = InboxViewModel.swift; sourceTree = "<group>"; };
		1871F2422C1DEE1800F0E75A /* NewMessageViewModel.swift */ = {isa = PBXFileReference; lastKnownFileType = sourcecode.swift; path = NewMessageViewModel.swift; sourceTree = "<group>"; };
		18B850832C0C6C6B009DF643 /* MessengerClone.app */ = {isa = PBXFileReference; explicitFileType = wrapper.application; includeInIndex = 0; path = MessengerClone.app; sourceTree = BUILT_PRODUCTS_DIR; };
		18B850862C0C6C6B009DF643 /* MessengerCloneApp.swift */ = {isa = PBXFileReference; lastKnownFileType = sourcecode.swift; path = MessengerCloneApp.swift; sourceTree = "<group>"; };
		18B850882C0C6C6B009DF643 /* LoginView.swift */ = {isa = PBXFileReference; lastKnownFileType = sourcecode.swift; path = LoginView.swift; sourceTree = "<group>"; };
		18B8508A2C0C6C6C009DF643 /* Assets.xcassets */ = {isa = PBXFileReference; lastKnownFileType = folder.assetcatalog; path = Assets.xcassets; sourceTree = "<group>"; };
		18B8508D2C0C6C6C009DF643 /* Preview Assets.xcassets */ = {isa = PBXFileReference; lastKnownFileType = folder.assetcatalog; path = "Preview Assets.xcassets"; sourceTree = "<group>"; };
		18B850972C0C76FC009DF643 /* SignupView.swift */ = {isa = PBXFileReference; lastKnownFileType = sourcecode.swift; path = SignupView.swift; sourceTree = "<group>"; };
		18B8509A2C0C8A93009DF643 /* InboxView.swift */ = {isa = PBXFileReference; lastKnownFileType = sourcecode.swift; path = InboxView.swift; sourceTree = "<group>"; };
		18B8509D2C0C8F0C009DF643 /* NowActiveView.swift */ = {isa = PBXFileReference; lastKnownFileType = sourcecode.swift; path = NowActiveView.swift; sourceTree = "<group>"; };
		18B8509F2C0C94AB009DF643 /* GoogleService-Info.plist */ = {isa = PBXFileReference; fileEncoding = 4; lastKnownFileType = text.plist.xml; path = "GoogleService-Info.plist"; sourceTree = "<group>"; };
		18B850A62C0CA11B009DF643 /* AuthService.swift */ = {isa = PBXFileReference; lastKnownFileType = sourcecode.swift; path = AuthService.swift; sourceTree = "<group>"; };
		18B850A82C0CA9A8009DF643 /* ContentView.swift */ = {isa = PBXFileReference; lastKnownFileType = sourcecode.swift; path = ContentView.swift; sourceTree = "<group>"; };
/* End PBXFileReference section */

/* Begin PBXFrameworksBuildPhase section */
		18B850802C0C6C6B009DF643 /* Frameworks */ = {
			isa = PBXFrameworksBuildPhase;
			buildActionMask = 2147483647;
			files = (
				18B850A32C0C9807009DF643 /* FirebaseAuth in Frameworks */,
				186229722C1AC40100083FB9 /* FirebaseStorage in Frameworks */,
				18B850A52C0C9807009DF643 /* FirebaseFirestore in Frameworks */,
				186229702C1AC40100083FB9 /* FirebaseFirestoreSwift in Frameworks */,
			);
			runOnlyForDeploymentPostprocessing = 0;
		};
/* End PBXFrameworksBuildPhase section */

/* Begin PBXGroup section */
		184140B72C18279B0077A6E0 /* NewMessage */ = {
			isa = PBXGroup;
			children = (
				1871F2402C1DEDF400F0E75A /* Views */,
				1871F2412C1DEDFC00F0E75A /* ViewModel */,
			);
			path = NewMessage;
			sourceTree = "<group>";
		};
		184140BA2C184C140077A6E0 /* Profile */ = {
			isa = PBXGroup;
			children = (
				184140BB2C184C250077A6E0 /* ProfileView.swift */,
				184140BD2C184FBC0077A6E0 /* SettingsViewModel.swift */,
			);
			path = Profile;
			sourceTree = "<group>";
		};
		1870F3DF2C1B2B2A004E830F /* View */ = {
			isa = PBXGroup;
			children = (
				18B850A82C0CA9A8009DF643 /* ContentView.swift */,
			);
			path = View;
			sourceTree = "<group>";
		};
		1870F3E02C1B2B37004E830F /* ViewModel */ = {
			isa = PBXGroup;
			children = (
				1870F3E12C1B2B53004E830F /* ContentViewModel.swift */,
			);
			path = ViewModel;
			sourceTree = "<group>";
		};
		1870F3E52C1B3665004E830F /* View */ = {
			isa = PBXGroup;
			children = (
				18B850882C0C6C6B009DF643 /* LoginView.swift */,
				18B850972C0C76FC009DF643 /* SignupView.swift */,
			);
			path = View;
			sourceTree = "<group>";
		};
		1870F3E62C1B3673004E830F /* Service */ = {
			isa = PBXGroup;
			children = (
			);
			path = Service;
			sourceTree = "<group>";
		};
		1870F3E72C1B367D004E830F /* ViewModel */ = {
			isa = PBXGroup;
			children = (
				1870F3E82C1B3696004E830F /* LoginViewModel.swift */,
				1870F3EA2C1B36A7004E830F /* SignUpViewModel.swift */,
			);
			path = ViewModel;
			sourceTree = "<group>";
		};
		187125C82C1A09B800980A4F /* ChatView */ = {
			isa = PBXGroup;
			children = (
				187125C92C1A09CD00980A4F /* ChatView.swift */,
				187125CB2C1A19EE00980A4F /* ChatMessageCell.swift */,
				187125CD2C1A1E3E00980A4F /* ChatBubble.swift */,
			);
			path = ChatView;
			sourceTree = "<group>";
		};
		1871F2392C1DBA7F00F0E75A /* Service */ = {
			isa = PBXGroup;
			children = (
				1871F23A2C1DBA9300F0E75A /* UserService.swift */,
			);
			path = Service;
			sourceTree = "<group>";
		};
		1871F23C2C1DBE4C00F0E75A /* Views */ = {
			isa = PBXGroup;
			children = (
				18B8509A2C0C8A93009DF643 /* InboxView.swift */,
				184140B52C1821270077A6E0 /* InboxRowView.swift */,
				18B8509D2C0C8F0C009DF643 /* NowActiveView.swift */,
			);
			path = Views;
			sourceTree = "<group>";
		};
		1871F23D2C1DBE6200F0E75A /* ViewModel */ = {
			isa = PBXGroup;
			children = (
				1871F23E2C1DBE7F00F0E75A /* InboxViewModel.swift */,
			);
			path = ViewModel;
			sourceTree = "<group>";
		};
		1871F2402C1DEDF400F0E75A /* Views */ = {
			isa = PBXGroup;
			children = (
				184140B82C1827B60077A6E0 /* NewMessageView.swift */,
			);
			path = Views;
			sourceTree = "<group>";
		};
		1871F2412C1DEDFC00F0E75A /* ViewModel */ = {
			isa = PBXGroup;
			children = (
				1871F2422C1DEE1800F0E75A /* NewMessageViewModel.swift */,
			);
			path = ViewModel;
			sourceTree = "<group>";
		};
		18B8507A2C0C6C6B009DF643 = {
			isa = PBXGroup;
			children = (
				18B850852C0C6C6B009DF643 /* MessengerClone */,
				18B850842C0C6C6B009DF643 /* Products */,
			);
			sourceTree = "<group>";
		};
		18B850842C0C6C6B009DF643 /* Products */ = {
			isa = PBXGroup;
			children = (
				18B850832C0C6C6B009DF643 /* MessengerClone.app */,
			);
			name = Products;
			sourceTree = "<group>";
		};
		18B850852C0C6C6B009DF643 /* MessengerClone */ = {
			isa = PBXGroup;
			children = (
				1871F2392C1DBA7F00F0E75A /* Service */,
				18B850942C0C76C7009DF643 /* Model */,
				18B850952C0C76D6009DF643 /* Core */,
				18B850992C0C770E009DF643 /* Root */,
				18B850862C0C6C6B009DF643 /* MessengerCloneApp.swift */,
				18B8508A2C0C6C6C009DF643 /* Assets.xcassets */,
				18B8508C2C0C6C6C009DF643 /* Preview Content */,
				18B8509F2C0C94AB009DF643 /* GoogleService-Info.plist */,
			);
			path = MessengerClone;
			sourceTree = "<group>";
		};
		18B8508C2C0C6C6C009DF643 /* Preview Content */ = {
			isa = PBXGroup;
			children = (
				18B8508D2C0C6C6C009DF643 /* Preview Assets.xcassets */,
			);
			path = "Preview Content";
			sourceTree = "<group>";
		};
		18B850942C0C76C7009DF643 /* Model */ = {
			isa = PBXGroup;
			children = (
				18B850A62C0CA11B009DF643 /* AuthService.swift */,
				1870F3E32C1B3653004E830F /* RegistrationViewModel.swift */,
				1871F2362C1DB19800F0E75A /* User.swift */,
			);
			path = Model;
			sourceTree = "<group>";
		};
		18B850952C0C76D6009DF643 /* Core */ = {
			isa = PBXGroup;
			children = (
				18B850962C0C76E1009DF643 /* Authentication */,
				18B8509C2C0C8EE0009DF643 /* Inbox */,
				187125C82C1A09B800980A4F /* ChatView */,
				184140B72C18279B0077A6E0 /* NewMessage */,
				184140BA2C184C140077A6E0 /* Profile */,
			);
			path = Core;
			sourceTree = "<group>";
		};
		18B850962C0C76E1009DF643 /* Authentication */ = {
			isa = PBXGroup;
			children = (
				1870F3E72C1B367D004E830F /* ViewModel */,
				1870F3E62C1B3673004E830F /* Service */,
				1870F3E52C1B3665004E830F /* View */,
			);
			path = Authentication;
			sourceTree = "<group>";
		};
		18B850992C0C770E009DF643 /* Root */ = {
			isa = PBXGroup;
			children = (
				1870F3DF2C1B2B2A004E830F /* View */,
				1870F3E02C1B2B37004E830F /* ViewModel */,
			);
			path = Root;
			sourceTree = "<group>";
		};
		18B8509C2C0C8EE0009DF643 /* Inbox */ = {
			isa = PBXGroup;
			children = (
				1871F23C2C1DBE4C00F0E75A /* Views */,
				1871F23D2C1DBE6200F0E75A /* ViewModel */,
			);
			path = Inbox;
			sourceTree = "<group>";
		};
/* End PBXGroup section */

/* Begin PBXNativeTarget section */
		18B850822C0C6C6B009DF643 /* MessengerClone */ = {
			isa = PBXNativeTarget;
			buildConfigurationList = 18B850912C0C6C6C009DF643 /* Build configuration list for PBXNativeTarget "MessengerClone" */;
			buildPhases = (
				18B8507F2C0C6C6B009DF643 /* Sources */,
				18B850802C0C6C6B009DF643 /* Frameworks */,
				18B850812C0C6C6B009DF643 /* Resources */,
			);
			buildRules = (
			);
			dependencies = (
			);
			name = MessengerClone;
			packageProductDependencies = (
				18B850A22C0C9807009DF643 /* FirebaseAuth */,
				18B850A42C0C9807009DF643 /* FirebaseFirestore */,
				1862296F2C1AC40100083FB9 /* FirebaseFirestoreSwift */,
				186229712C1AC40100083FB9 /* FirebaseStorage */,
			);
			productName = MessengerClone;
			productReference = 18B850832C0C6C6B009DF643 /* MessengerClone.app */;
			productType = "com.apple.product-type.application";
		};
/* End PBXNativeTarget section */

/* Begin PBXProject section */
		18B8507B2C0C6C6B009DF643 /* Project object */ = {
			isa = PBXProject;
			attributes = {
				BuildIndependentTargetsInParallel = 1;
				LastSwiftUpdateCheck = 1540;
				LastUpgradeCheck = 1540;
				TargetAttributes = {
					18B850822C0C6C6B009DF643 = {
						CreatedOnToolsVersion = 15.4;
					};
				};
			};
			buildConfigurationList = 18B8507E2C0C6C6B009DF643 /* Build configuration list for PBXProject "MessengerClone" */;
			compatibilityVersion = "Xcode 14.0";
			developmentRegion = en;
			hasScannedForEncodings = 0;
			knownRegions = (
				en,
				Base,
			);
			mainGroup = 18B8507A2C0C6C6B009DF643;
			packageReferences = (
				18B850A12C0C9807009DF643 /* XCRemoteSwiftPackageReference "firebase-ios-sdk" */,
			);
			productRefGroup = 18B850842C0C6C6B009DF643 /* Products */;
			projectDirPath = "";
			projectRoot = "";
			targets = (
				18B850822C0C6C6B009DF643 /* MessengerClone */,
			);
		};
/* End PBXProject section */

/* Begin PBXResourcesBuildPhase section */
		18B850812C0C6C6B009DF643 /* Resources */ = {
			isa = PBXResourcesBuildPhase;
			buildActionMask = 2147483647;
			files = (
				18B8508E2C0C6C6C009DF643 /* Preview Assets.xcassets in Resources */,
				18B8508B2C0C6C6C009DF643 /* Assets.xcassets in Resources */,
				18B850A02C0C94AB009DF643 /* GoogleService-Info.plist in Resources */,
			);
			runOnlyForDeploymentPostprocessing = 0;
		};
/* End PBXResourcesBuildPhase section */

/* Begin PBXSourcesBuildPhase section */
		18B8507F2C0C6C6B009DF643 /* Sources */ = {
			isa = PBXSourcesBuildPhase;
			buildActionMask = 2147483647;
			files = (
				187125CA2C1A09CD00980A4F /* ChatView.swift in Sources */,
				187125CE2C1A1E3E00980A4F /* ChatBubble.swift in Sources */,
				184140B92C1827B60077A6E0 /* NewMessageView.swift in Sources */,
				184140B62C1821270077A6E0 /* InboxRowView.swift in Sources */,
				1870F3EB2C1B36A7004E830F /* SignUpViewModel.swift in Sources */,
				184140BC2C184C250077A6E0 /* ProfileView.swift in Sources */,
				187125CC2C1A19EE00980A4F /* ChatMessageCell.swift in Sources */,
				18B850982C0C76FC009DF643 /* SignupView.swift in Sources */,
				18B8509B2C0C8A93009DF643 /* InboxView.swift in Sources */,
				18B850A92C0CA9A8009DF643 /* ContentView.swift in Sources */,
				18B850892C0C6C6B009DF643 /* LoginView.swift in Sources */,
				1870F3E92C1B3696004E830F /* LoginViewModel.swift in Sources */,
				1871F23F2C1DBE7F00F0E75A /* InboxViewModel.swift in Sources */,
				18B850A72C0CA11B009DF643 /* AuthService.swift in Sources */,
				184140BE2C184FBC0077A6E0 /* SettingsViewModel.swift in Sources */,
				1871F2432C1DEE1800F0E75A /* NewMessageViewModel.swift in Sources */,
				18B850872C0C6C6B009DF643 /* MessengerCloneApp.swift in Sources */,
				1870F3E42C1B3653004E830F /* RegistrationViewModel.swift in Sources */,
				1871F23B2C1DBA9300F0E75A /* UserService.swift in Sources */,
				18B8509E2C0C8F0C009DF643 /* NowActiveView.swift in Sources */,
				1870F3E22C1B2B53004E830F /* ContentViewModel.swift in Sources */,
				1871F2372C1DB19800F0E75A /* User.swift in Sources */,
			);
			runOnlyForDeploymentPostprocessing = 0;
		};
/* End PBXSourcesBuildPhase section */

/* Begin XCBuildConfiguration section */
		18B8508F2C0C6C6C009DF643 /* Debug */ = {
			isa = XCBuildConfiguration;
			buildSettings = {
				ALWAYS_SEARCH_USER_PATHS = NO;
				ASSETCATALOG_COMPILER_GENERATE_SWIFT_ASSET_SYMBOL_EXTENSIONS = YES;
				CLANG_ANALYZER_NONNULL = YES;
				CLANG_ANALYZER_NUMBER_OBJECT_CONVERSION = YES_AGGRESSIVE;
				CLANG_CXX_LANGUAGE_STANDARD = "gnu++20";
				CLANG_ENABLE_MODULES = YES;
				CLANG_ENABLE_OBJC_ARC = YES;
				CLANG_ENABLE_OBJC_WEAK = YES;
				CLANG_WARN_BLOCK_CAPTURE_AUTORELEASING = YES;
				CLANG_WARN_BOOL_CONVERSION = YES;
				CLANG_WARN_COMMA = YES;
				CLANG_WARN_CONSTANT_CONVERSION = YES;
				CLANG_WARN_DEPRECATED_OBJC_IMPLEMENTATIONS = YES;
				CLANG_WARN_DIRECT_OBJC_ISA_USAGE = YES_ERROR;
				CLANG_WARN_DOCUMENTATION_COMMENTS = YES;
				CLANG_WARN_EMPTY_BODY = YES;
				CLANG_WARN_ENUM_CONVERSION = YES;
				CLANG_WARN_INFINITE_RECURSION = YES;
				CLANG_WARN_INT_CONVERSION = YES;
				CLANG_WARN_NON_LITERAL_NULL_CONVERSION = YES;
				CLANG_WARN_OBJC_IMPLICIT_RETAIN_SELF = YES;
				CLANG_WARN_OBJC_LITERAL_CONVERSION = YES;
				CLANG_WARN_OBJC_ROOT_CLASS = YES_ERROR;
				CLANG_WARN_QUOTED_INCLUDE_IN_FRAMEWORK_HEADER = YES;
				CLANG_WARN_RANGE_LOOP_ANALYSIS = YES;
				CLANG_WARN_STRICT_PROTOTYPES = YES;
				CLANG_WARN_SUSPICIOUS_MOVE = YES;
				CLANG_WARN_UNGUARDED_AVAILABILITY = YES_AGGRESSIVE;
				CLANG_WARN_UNREACHABLE_CODE = YES;
				CLANG_WARN__DUPLICATE_METHOD_MATCH = YES;
				COPY_PHASE_STRIP = NO;
				DEBUG_INFORMATION_FORMAT = dwarf;
				ENABLE_STRICT_OBJC_MSGSEND = YES;
				ENABLE_TESTABILITY = YES;
				ENABLE_USER_SCRIPT_SANDBOXING = YES;
				GCC_C_LANGUAGE_STANDARD = gnu17;
				GCC_DYNAMIC_NO_PIC = NO;
				GCC_NO_COMMON_BLOCKS = YES;
				GCC_OPTIMIZATION_LEVEL = 0;
				GCC_PREPROCESSOR_DEFINITIONS = (
					"DEBUG=1",
					"$(inherited)",
				);
				GCC_WARN_64_TO_32_BIT_CONVERSION = YES;
				GCC_WARN_ABOUT_RETURN_TYPE = YES_ERROR;
				GCC_WARN_UNDECLARED_SELECTOR = YES;
				GCC_WARN_UNINITIALIZED_AUTOS = YES_AGGRESSIVE;
				GCC_WARN_UNUSED_FUNCTION = YES;
				GCC_WARN_UNUSED_VARIABLE = YES;
				IPHONEOS_DEPLOYMENT_TARGET = 17.5;
				LOCALIZATION_PREFERS_STRING_CATALOGS = YES;
				MTL_ENABLE_DEBUG_INFO = INCLUDE_SOURCE;
				MTL_FAST_MATH = YES;
				ONLY_ACTIVE_ARCH = YES;
				SDKROOT = iphoneos;
				SWIFT_ACTIVE_COMPILATION_CONDITIONS = "DEBUG $(inherited)";
				SWIFT_OPTIMIZATION_LEVEL = "-Onone";
			};
			name = Debug;
		};
		18B850902C0C6C6C009DF643 /* Release */ = {
			isa = XCBuildConfiguration;
			buildSettings = {
				ALWAYS_SEARCH_USER_PATHS = NO;
				ASSETCATALOG_COMPILER_GENERATE_SWIFT_ASSET_SYMBOL_EXTENSIONS = YES;
				CLANG_ANALYZER_NONNULL = YES;
				CLANG_ANALYZER_NUMBER_OBJECT_CONVERSION = YES_AGGRESSIVE;
				CLANG_CXX_LANGUAGE_STANDARD = "gnu++20";
				CLANG_ENABLE_MODULES = YES;
				CLANG_ENABLE_OBJC_ARC = YES;
				CLANG_ENABLE_OBJC_WEAK = YES;
				CLANG_WARN_BLOCK_CAPTURE_AUTORELEASING = YES;
				CLANG_WARN_BOOL_CONVERSION = YES;
				CLANG_WARN_COMMA = YES;
				CLANG_WARN_CONSTANT_CONVERSION = YES;
				CLANG_WARN_DEPRECATED_OBJC_IMPLEMENTATIONS = YES;
				CLANG_WARN_DIRECT_OBJC_ISA_USAGE = YES_ERROR;
				CLANG_WARN_DOCUMENTATION_COMMENTS = YES;
				CLANG_WARN_EMPTY_BODY = YES;
				CLANG_WARN_ENUM_CONVERSION = YES;
				CLANG_WARN_INFINITE_RECURSION = YES;
				CLANG_WARN_INT_CONVERSION = YES;
				CLANG_WARN_NON_LITERAL_NULL_CONVERSION = YES;
				CLANG_WARN_OBJC_IMPLICIT_RETAIN_SELF = YES;
				CLANG_WARN_OBJC_LITERAL_CONVERSION = YES;
				CLANG_WARN_OBJC_ROOT_CLASS = YES_ERROR;
				CLANG_WARN_QUOTED_INCLUDE_IN_FRAMEWORK_HEADER = YES;
				CLANG_WARN_RANGE_LOOP_ANALYSIS = YES;
				CLANG_WARN_STRICT_PROTOTYPES = YES;
				CLANG_WARN_SUSPICIOUS_MOVE = YES;
				CLANG_WARN_UNGUARDED_AVAILABILITY = YES_AGGRESSIVE;
				CLANG_WARN_UNREACHABLE_CODE = YES;
				CLANG_WARN__DUPLICATE_METHOD_MATCH = YES;
				COPY_PHASE_STRIP = NO;
				DEBUG_INFORMATION_FORMAT = "dwarf-with-dsym";
				ENABLE_NS_ASSERTIONS = NO;
				ENABLE_STRICT_OBJC_MSGSEND = YES;
				ENABLE_USER_SCRIPT_SANDBOXING = YES;
				GCC_C_LANGUAGE_STANDARD = gnu17;
				GCC_NO_COMMON_BLOCKS = YES;
				GCC_WARN_64_TO_32_BIT_CONVERSION = YES;
				GCC_WARN_ABOUT_RETURN_TYPE = YES_ERROR;
				GCC_WARN_UNDECLARED_SELECTOR = YES;
				GCC_WARN_UNINITIALIZED_AUTOS = YES_AGGRESSIVE;
				GCC_WARN_UNUSED_FUNCTION = YES;
				GCC_WARN_UNUSED_VARIABLE = YES;
				IPHONEOS_DEPLOYMENT_TARGET = 17.5;
				LOCALIZATION_PREFERS_STRING_CATALOGS = YES;
				MTL_ENABLE_DEBUG_INFO = NO;
				MTL_FAST_MATH = YES;
				SDKROOT = iphoneos;
				SWIFT_COMPILATION_MODE = wholemodule;
				VALIDATE_PRODUCT = YES;
			};
			name = Release;
		};
		18B850922C0C6C6C009DF643 /* Debug */ = {
			isa = XCBuildConfiguration;
			buildSettings = {
				ASSETCATALOG_COMPILER_APPICON_NAME = AppIcon;
				ASSETCATALOG_COMPILER_GLOBAL_ACCENT_COLOR_NAME = AccentColor;
				CODE_SIGN_STYLE = Automatic;
				CURRENT_PROJECT_VERSION = 1;
				DEVELOPMENT_ASSET_PATHS = "\"MessengerClone/Preview Content\"";
				DEVELOPMENT_TEAM = SR482QGF58;
				ENABLE_PREVIEWS = YES;
				GENERATE_INFOPLIST_FILE = YES;
				INFOPLIST_KEY_LSApplicationCategoryType = "public.app-category.social-networking";
				INFOPLIST_KEY_UIApplicationSceneManifest_Generation = YES;
				INFOPLIST_KEY_UIApplicationSupportsIndirectInputEvents = YES;
				INFOPLIST_KEY_UILaunchScreen_Generation = YES;
				INFOPLIST_KEY_UISupportedInterfaceOrientations_iPad = "UIInterfaceOrientationPortrait UIInterfaceOrientationPortraitUpsideDown UIInterfaceOrientationLandscapeLeft UIInterfaceOrientationLandscapeRight";
				INFOPLIST_KEY_UISupportedInterfaceOrientations_iPhone = "UIInterfaceOrientationPortrait UIInterfaceOrientationLandscapeLeft UIInterfaceOrientationLandscapeRight";
				LD_RUNPATH_SEARCH_PATHS = (
					"$(inherited)",
					"@executable_path/Frameworks",
				);
				MARKETING_VERSION = 1.0;
				PRODUCT_BUNDLE_IDENTIFIER = com.ulasardilkaraca.MessengerClone;
				PRODUCT_NAME = "$(TARGET_NAME)";
				SWIFT_EMIT_LOC_STRINGS = YES;
				SWIFT_VERSION = 5.0;
				TARGETED_DEVICE_FAMILY = "1,2";
			};
			name = Debug;
		};
		18B850932C0C6C6C009DF643 /* Release */ = {
			isa = XCBuildConfiguration;
			buildSettings = {
				ASSETCATALOG_COMPILER_APPICON_NAME = AppIcon;
				ASSETCATALOG_COMPILER_GLOBAL_ACCENT_COLOR_NAME = AccentColor;
				CODE_SIGN_STYLE = Automatic;
				CURRENT_PROJECT_VERSION = 1;
				DEVELOPMENT_ASSET_PATHS = "\"MessengerClone/Preview Content\"";
				DEVELOPMENT_TEAM = SR482QGF58;
				ENABLE_PREVIEWS = YES;
				GENERATE_INFOPLIST_FILE = YES;
				INFOPLIST_KEY_LSApplicationCategoryType = "public.app-category.social-networking";
				INFOPLIST_KEY_UIApplicationSceneManifest_Generation = YES;
				INFOPLIST_KEY_UIApplicationSupportsIndirectInputEvents = YES;
				INFOPLIST_KEY_UILaunchScreen_Generation = YES;
				INFOPLIST_KEY_UISupportedInterfaceOrientations_iPad = "UIInterfaceOrientationPortrait UIInterfaceOrientationPortraitUpsideDown UIInterfaceOrientationLandscapeLeft UIInterfaceOrientationLandscapeRight";
				INFOPLIST_KEY_UISupportedInterfaceOrientations_iPhone = "UIInterfaceOrientationPortrait UIInterfaceOrientationLandscapeLeft UIInterfaceOrientationLandscapeRight";
				LD_RUNPATH_SEARCH_PATHS = (
					"$(inherited)",
					"@executable_path/Frameworks",
				);
				MARKETING_VERSION = 1.0;
				PRODUCT_BUNDLE_IDENTIFIER = com.ulasardilkaraca.MessengerClone;
				PRODUCT_NAME = "$(TARGET_NAME)";
				SWIFT_EMIT_LOC_STRINGS = YES;
				SWIFT_VERSION = 5.0;
				TARGETED_DEVICE_FAMILY = "1,2";
			};
			name = Release;
		};
/* End XCBuildConfiguration section */

/* Begin XCConfigurationList section */
		18B8507E2C0C6C6B009DF643 /* Build configuration list for PBXProject "MessengerClone" */ = {
			isa = XCConfigurationList;
			buildConfigurations = (
				18B8508F2C0C6C6C009DF643 /* Debug */,
				18B850902C0C6C6C009DF643 /* Release */,
			);
			defaultConfigurationIsVisible = 0;
			defaultConfigurationName = Release;
		};
		18B850912C0C6C6C009DF643 /* Build configuration list for PBXNativeTarget "MessengerClone" */ = {
			isa = XCConfigurationList;
			buildConfigurations = (
				18B850922C0C6C6C009DF643 /* Debug */,
				18B850932C0C6C6C009DF643 /* Release */,
			);
			defaultConfigurationIsVisible = 0;
			defaultConfigurationName = Release;
		};
/* End XCConfigurationList section */

/* Begin XCRemoteSwiftPackageReference section */
		18B850A12C0C9807009DF643 /* XCRemoteSwiftPackageReference "firebase-ios-sdk" */ = {
			isa = XCRemoteSwiftPackageReference;
			repositoryURL = "https://github.com/firebase/firebase-ios-sdk";
			requirement = {
				kind = upToNextMajorVersion;
				minimumVersion = 10.27.0;
			};
		};
/* End XCRemoteSwiftPackageReference section */

/* Begin XCSwiftPackageProductDependency section */
		1862296F2C1AC40100083FB9 /* FirebaseFirestoreSwift */ = {
			isa = XCSwiftPackageProductDependency;
			package = 18B850A12C0C9807009DF643 /* XCRemoteSwiftPackageReference "firebase-ios-sdk" */;
			productName = FirebaseFirestoreSwift;
		};
		186229712C1AC40100083FB9 /* FirebaseStorage */ = {
			isa = XCSwiftPackageProductDependency;
			package = 18B850A12C0C9807009DF643 /* XCRemoteSwiftPackageReference "firebase-ios-sdk" */;
			productName = FirebaseStorage;
		};
		18B850A22C0C9807009DF643 /* FirebaseAuth */ = {
			isa = XCSwiftPackageProductDependency;
			package = 18B850A12C0C9807009DF643 /* XCRemoteSwiftPackageReference "firebase-ios-sdk" */;
			productName = FirebaseAuth;
		};
		18B850A42C0C9807009DF643 /* FirebaseFirestore */ = {
			isa = XCSwiftPackageProductDependency;
			package = 18B850A12C0C9807009DF643 /* XCRemoteSwiftPackageReference "firebase-ios-sdk" */;
			productName = FirebaseFirestore;
		};
/* End XCSwiftPackageProductDependency section */
	};
	rootObject = 18B8507B2C0C6C6B009DF643 /* Project object */;
}
